
Microsoft Visual Studio Solution File, Format Version 12.00
# Visual Studio Version 17
VisualStudioVersion = 17.4.33122.133
MinimumVisualStudioVersion = 10.0.40219.1
Project("{FAE04EC0-301F-11D3-BF4B-00C04F79EFBC}") = "BethanysPieShop", "BethanysPieShop.csproj", "{C40FE5EF-A50E-4724-B3AE-19087387E39B}"
EndProject
Global
	GlobalSection(SolutionConfigurationPlatforms) = preSolution
		Debug|Any CPU = Debug|Any CPU
		Release|Any CPU = Release|Any CPU
	EndGlobalSection
	GlobalSection(ProjectConfigurationPlatforms) = postSolution
		{C40FE5EF-A50E-4724-B3AE-19087387E39B}.Debug|Any CPU.ActiveCfg = Debug|Any CPU
		{C40FE5EF-A50E-4724-B3AE-19087387E39B}.Debug|Any CPU.Build.0 = Debug|Any CPU
		{C40FE5EF-A50E-4724-B3AE-19087387E39B}.Release|Any CPU.ActiveCfg = Release|Any CPU
		{C40FE5EF-A50E-4724-B3AE-19087387E39B}.Release|Any CPU.Build.0 = Release|Any CPU
	EndGlobalSection
	GlobalSection(SolutionProperties) = preSolution
		HideSolutionNode = FALSE
	EndGlobalSection
	GlobalSection(ExtensibilityGlobals) = postSolution
		SolutionGuid = {C24E87C8-3E42-4E35-894A-E0E2BEF1A23B}
	EndGlobalSection
EndGlobal
